// !$*UTF8*$!
{
	archiveVersion = 1;
	classes = {
	};
	objectVersion = 46;
	objects = {

/* Begin PBXBuildFile section */
		8200190E1B8A50D3008C5A20 /* line@1x.png in Resources */ = {isa = PBXBuildFile; fileRef = 8200190B1B8A50D3008C5A20 /* line@1x.png */; };
		8200190F1B8A50D3008C5A20 /* line@2x.png in Resources */ = {isa = PBXBuildFile; fileRef = 8200190C1B8A50D3008C5A20 /* line@2x.png */; };
		820019101B8A50D3008C5A20 /* line@3x.png in Resources */ = {isa = PBXBuildFile; fileRef = 8200190D1B8A50D3008C5A20 /* line@3x.png */; };
		820019141B8A5513008C5A20 /* linew@1x.png in Resources */ = {isa = PBXBuildFile; fileRef = 820019111B8A5513008C5A20 /* linew@1x.png */; };
		820019151B8A5513008C5A20 /* linew@2x.png in Resources */ = {isa = PBXBuildFile; fileRef = 820019121B8A5513008C5A20 /* linew@2x.png */; };
		820019161B8A5513008C5A20 /* linew@3x.png in Resources */ = {isa = PBXBuildFile; fileRef = 820019131B8A5513008C5A20 /* linew@3x.png */; };
		822A7F331B225A14002E53BB /* Metaronome.m in Sources */ = {isa = PBXBuildFile; fileRef = 822A7F321B225A14002E53BB /* Metaronome.m */; };
		82368FA81B868DF80090E678 /* pulse@2x.png in Resources */ = {isa = PBXBuildFile; fileRef = 82368FA51B868DF80090E678 /* pulse@2x.png */; };
		82368FA91B868DF80090E678 /* pulse@3x.png in Resources */ = {isa = PBXBuildFile; fileRef = 82368FA61B868DF80090E678 /* pulse@3x.png */; };
		826B185D1B26697D00167B82 /* MetronomeCell.swift in Sources */ = {isa = PBXBuildFile; fileRef = 826B185C1B26697D00167B82 /* MetronomeCell.swift */; };
		826B185F1B26764300167B82 /* MetronomeCell.xib in Resources */ = {isa = PBXBuildFile; fileRef = 826B185E1B26764300167B82 /* MetronomeCell.xib */; };
		8274C9FF1B878A4700BBE26E /* pulse@1x.png in Resources */ = {isa = PBXBuildFile; fileRef = 8274C9FE1B878A4700BBE26E /* pulse@1x.png */; };
		8275D8241B8FEBCE00B5FF98 /* pulse+.png in Resources */ = {isa = PBXBuildFile; fileRef = 8275D8211B8FEBCE00B5FF98 /* pulse+.png */; };
		8275D8251B8FEBCE00B5FF98 /* pulse+@2x.png in Resources */ = {isa = PBXBuildFile; fileRef = 8275D8221B8FEBCE00B5FF98 /* pulse+@2x.png */; };
		8275D8261B8FEBCE00B5FF98 /* pulse+@3x.png in Resources */ = {isa = PBXBuildFile; fileRef = 8275D8231B8FEBCE00B5FF98 /* pulse+@3x.png */; };
		82E529651B90EA2500AA5DE4 /* plus.png in Resources */ = {isa = PBXBuildFile; fileRef = 82E529621B90EA2500AA5DE4 /* plus.png */; };
		82E529661B90EA2500AA5DE4 /* plus@2x.png in Resources */ = {isa = PBXBuildFile; fileRef = 82E529631B90EA2500AA5DE4 /* plus@2x.png */; };
		82E529671B90EA2500AA5DE4 /* plus@3x.png in Resources */ = {isa = PBXBuildFile; fileRef = 82E529641B90EA2500AA5DE4 /* plus@3x.png */; };
		82EF3E4D1B20A95300C31F9A /* AppDelegate.swift in Sources */ = {isa = PBXBuildFile; fileRef = 82EF3E4C1B20A95300C31F9A /* AppDelegate.swift */; };
		82EF3E501B20A95300C31F9A /* polypulse.xcdatamodeld in Sources */ = {isa = PBXBuildFile; fileRef = 82EF3E4E1B20A95300C31F9A /* polypulse.xcdatamodeld */; };
		82EF3E521B20A95300C31F9A /* ViewController.swift in Sources */ = {isa = PBXBuildFile; fileRef = 82EF3E511B20A95300C31F9A /* ViewController.swift */; };
		82EF3E551B20A95300C31F9A /* Main.storyboard in Resources */ = {isa = PBXBuildFile; fileRef = 82EF3E531B20A95300C31F9A /* Main.storyboard */; };
		82EF3E571B20A95300C31F9A /* Images.xcassets in Resources */ = {isa = PBXBuildFile; fileRef = 82EF3E561B20A95300C31F9A /* Images.xcassets */; };
		82EF3E5A1B20A95300C31F9A /* LaunchScreen.xib in Resources */ = {isa = PBXBuildFile; fileRef = 82EF3E581B20A95300C31F9A /* LaunchScreen.xib */; };
		82EF3E661B20A95300C31F9A /* polypulseTests.swift in Sources */ = {isa = PBXBuildFile; fileRef = 82EF3E651B20A95300C31F9A /* polypulseTests.swift */; };
		82EF3E711B20A96F00C31F9A /* AudioToolbox.framework in Frameworks */ = {isa = PBXBuildFile; fileRef = 82EF3E701B20A96F00C31F9A /* AudioToolbox.framework */; };
		82EF3E751B20D5E800C31F9A /* AudioEngine.m in Sources */ = {isa = PBXBuildFile; fileRef = 82EF3E741B20D5E800C31F9A /* AudioEngine.m */; };
/* End PBXBuildFile section */

/* Begin PBXContainerItemProxy section */
		82EF3E601B20A95300C31F9A /* PBXContainerItemProxy */ = {
			isa = PBXContainerItemProxy;
			containerPortal = 82EF3E3F1B20A95300C31F9A /* Project object */;
			proxyType = 1;
			remoteGlobalIDString = 82EF3E461B20A95300C31F9A;
			remoteInfo = polypulse;
		};
/* End PBXContainerItemProxy section */

/* Begin PBXFileReference section */
		8200190B1B8A50D3008C5A20 /* line@1x.png */ = {isa = PBXFileReference; lastKnownFileType = image.png; path = "line@1x.png"; sourceTree = "<group>"; };
		8200190C1B8A50D3008C5A20 /* line@2x.png */ = {isa = PBXFileReference; lastKnownFileType = image.png; path = "line@2x.png"; sourceTree = "<group>"; };
		8200190D1B8A50D3008C5A20 /* line@3x.png */ = {isa = PBXFileReference; lastKnownFileType = image.png; path = "line@3x.png"; sourceTree = "<group>"; };
		820019111B8A5513008C5A20 /* linew@1x.png */ = {isa = PBXFileReference; lastKnownFileType = image.png; path = "linew@1x.png"; sourceTree = "<group>"; };
		820019121B8A5513008C5A20 /* linew@2x.png */ = {isa = PBXFileReference; lastKnownFileType = image.png; path = "linew@2x.png"; sourceTree = "<group>"; };
		820019131B8A5513008C5A20 /* linew@3x.png */ = {isa = PBXFileReference; lastKnownFileType = image.png; path = "linew@3x.png"; sourceTree = "<group>"; };
		822A7F311B225A14002E53BB /* Metaronome.h */ = {isa = PBXFileReference; fileEncoding = 4; lastKnownFileType = sourcecode.c.h; path = Metaronome.h; sourceTree = "<group>"; };
		822A7F321B225A14002E53BB /* Metaronome.m */ = {isa = PBXFileReference; fileEncoding = 4; lastKnownFileType = sourcecode.c.objc; path = Metaronome.m; sourceTree = "<group>"; };
		82368FA51B868DF80090E678 /* pulse@2x.png */ = {isa = PBXFileReference; lastKnownFileType = image.png; path = "pulse@2x.png"; sourceTree = "<group>"; };
		82368FA61B868DF80090E678 /* pulse@3x.png */ = {isa = PBXFileReference; lastKnownFileType = image.png; path = "pulse@3x.png"; sourceTree = "<group>"; };
		826B185C1B26697D00167B82 /* MetronomeCell.swift */ = {isa = PBXFileReference; fileEncoding = 4; lastKnownFileType = sourcecode.swift; path = MetronomeCell.swift; sourceTree = "<group>"; };
		826B185E1B26764300167B82 /* MetronomeCell.xib */ = {isa = PBXFileReference; fileEncoding = 4; lastKnownFileType = file.xib; path = MetronomeCell.xib; sourceTree = "<group>"; };
		8274C9FE1B878A4700BBE26E /* pulse@1x.png */ = {isa = PBXFileReference; lastKnownFileType = image.png; path = "pulse@1x.png"; sourceTree = "<group>"; };
		8275D8211B8FEBCE00B5FF98 /* pulse+.png */ = {isa = PBXFileReference; lastKnownFileType = image.png; path = "pulse+.png"; sourceTree = "<group>"; };
		8275D8221B8FEBCE00B5FF98 /* pulse+@2x.png */ = {isa = PBXFileReference; lastKnownFileType = image.png; path = "pulse+@2x.png"; sourceTree = "<group>"; };
		8275D8231B8FEBCE00B5FF98 /* pulse+@3x.png */ = {isa = PBXFileReference; lastKnownFileType = image.png; path = "pulse+@3x.png"; sourceTree = "<group>"; };
		82E529621B90EA2500AA5DE4 /* plus.png */ = {isa = PBXFileReference; lastKnownFileType = image.png; path = plus.png; sourceTree = "<group>"; };
		82E529631B90EA2500AA5DE4 /* plus@2x.png */ = {isa = PBXFileReference; lastKnownFileType = image.png; path = "plus@2x.png"; sourceTree = "<group>"; };
		82E529641B90EA2500AA5DE4 /* plus@3x.png */ = {isa = PBXFileReference; lastKnownFileType = image.png; path = "plus@3x.png"; sourceTree = "<group>"; };
		82EF3E471B20A95300C31F9A /* polypulse.app */ = {isa = PBXFileReference; explicitFileType = wrapper.application; includeInIndex = 0; path = polypulse.app; sourceTree = BUILT_PRODUCTS_DIR; };
		82EF3E4B1B20A95300C31F9A /* Info.plist */ = {isa = PBXFileReference; lastKnownFileType = text.plist.xml; path = Info.plist; sourceTree = "<group>"; };
		82EF3E4C1B20A95300C31F9A /* AppDelegate.swift */ = {isa = PBXFileReference; lastKnownFileType = sourcecode.swift; path = AppDelegate.swift; sourceTree = "<group>"; };
		82EF3E4F1B20A95300C31F9A /* polypulse.xcdatamodel */ = {isa = PBXFileReference; lastKnownFileType = wrapper.xcdatamodel; path = polypulse.xcdatamodel; sourceTree = "<group>"; };
		82EF3E511B20A95300C31F9A /* ViewController.swift */ = {isa = PBXFileReference; lastKnownFileType = sourcecode.swift; path = ViewController.swift; sourceTree = "<group>"; };
		82EF3E541B20A95300C31F9A /* Base */ = {isa = PBXFileReference; lastKnownFileType = file.storyboard; name = Base; path = Base.lproj/Main.storyboard; sourceTree = "<group>"; };
		82EF3E561B20A95300C31F9A /* Images.xcassets */ = {isa = PBXFileReference; lastKnownFileType = folder.assetcatalog; path = Images.xcassets; sourceTree = "<group>"; };
		82EF3E591B20A95300C31F9A /* Base */ = {isa = PBXFileReference; lastKnownFileType = file.xib; name = Base; path = Base.lproj/LaunchScreen.xib; sourceTree = "<group>"; };
		82EF3E5F1B20A95300C31F9A /* polypulseTests.xctest */ = {isa = PBXFileReference; explicitFileType = wrapper.cfbundle; includeInIndex = 0; path = polypulseTests.xctest; sourceTree = BUILT_PRODUCTS_DIR; };
		82EF3E641B20A95300C31F9A /* Info.plist */ = {isa = PBXFileReference; lastKnownFileType = text.plist.xml; path = Info.plist; sourceTree = "<group>"; };
		82EF3E651B20A95300C31F9A /* polypulseTests.swift */ = {isa = PBXFileReference; lastKnownFileType = sourcecode.swift; path = polypulseTests.swift; sourceTree = "<group>"; };
		82EF3E6F1B20A96E00C31F9A /* polypulse.entitlements */ = {isa = PBXFileReference; lastKnownFileType = text.xml; path = polypulse.entitlements; sourceTree = "<group>"; };
		82EF3E701B20A96F00C31F9A /* AudioToolbox.framework */ = {isa = PBXFileReference; lastKnownFileType = wrapper.framework; name = AudioToolbox.framework; path = System/Library/Frameworks/AudioToolbox.framework; sourceTree = SDKROOT; };
		82EF3E721B20D5E800C31F9A /* polypulse-Bridging-Header.h */ = {isa = PBXFileReference; lastKnownFileType = sourcecode.c.h; path = "polypulse-Bridging-Header.h"; sourceTree = "<group>"; };
		82EF3E731B20D5E800C31F9A /* AudioEngine.h */ = {isa = PBXFileReference; fileEncoding = 4; lastKnownFileType = sourcecode.c.h; path = AudioEngine.h; sourceTree = "<group>"; };
		82EF3E741B20D5E800C31F9A /* AudioEngine.m */ = {isa = PBXFileReference; fileEncoding = 4; lastKnownFileType = sourcecode.c.objc; path = AudioEngine.m; sourceTree = "<group>"; };
/* End PBXFileReference section */

/* Begin PBXFrameworksBuildPhase section */
		82EF3E441B20A95300C31F9A /* Frameworks */ = {
			isa = PBXFrameworksBuildPhase;
			buildActionMask = 2147483647;
			files = (
				82EF3E711B20A96F00C31F9A /* AudioToolbox.framework in Frameworks */,
			);
			runOnlyForDeploymentPostprocessing = 0;
		};
		82EF3E5C1B20A95300C31F9A /* Frameworks */ = {
			isa = PBXFrameworksBuildPhase;
			buildActionMask = 2147483647;
			files = (
			);
			runOnlyForDeploymentPostprocessing = 0;
		};
/* End PBXFrameworksBuildPhase section */

/* Begin PBXGroup section */
		82368FA31B868DF80090E678 /* img */ = {
			isa = PBXGroup;
			children = (
				82E529621B90EA2500AA5DE4 /* plus.png */,
				82E529631B90EA2500AA5DE4 /* plus@2x.png */,
				82E529641B90EA2500AA5DE4 /* plus@3x.png */,
				8275D8211B8FEBCE00B5FF98 /* pulse+.png */,
				8275D8221B8FEBCE00B5FF98 /* pulse+@2x.png */,
				8275D8231B8FEBCE00B5FF98 /* pulse+@3x.png */,
				820019111B8A5513008C5A20 /* linew@1x.png */,
				820019121B8A5513008C5A20 /* linew@2x.png */,
				820019131B8A5513008C5A20 /* linew@3x.png */,
				8200190B1B8A50D3008C5A20 /* line@1x.png */,
				8200190C1B8A50D3008C5A20 /* line@2x.png */,
				8200190D1B8A50D3008C5A20 /* line@3x.png */,
				8274C9FE1B878A4700BBE26E /* pulse@1x.png */,
				82368FA51B868DF80090E678 /* pulse@2x.png */,
				82368FA61B868DF80090E678 /* pulse@3x.png */,
			);
			path = img;
			sourceTree = "<group>";
		};
		82EF3E3E1B20A95300C31F9A = {
			isa = PBXGroup;
			children = (
				82EF3E701B20A96F00C31F9A /* AudioToolbox.framework */,
				82EF3E491B20A95300C31F9A /* polypulse */,
				82EF3E621B20A95300C31F9A /* polypulseTests */,
				82EF3E481B20A95300C31F9A /* Products */,
			);
			sourceTree = "<group>";
		};
		82EF3E481B20A95300C31F9A /* Products */ = {
			isa = PBXGroup;
			children = (
				82EF3E471B20A95300C31F9A /* polypulse.app */,
				82EF3E5F1B20A95300C31F9A /* polypulseTests.xctest */,
			);
			name = Products;
			sourceTree = "<group>";
		};
		82EF3E491B20A95300C31F9A /* polypulse */ = {
			isa = PBXGroup;
			children = (
				82EF3E6F1B20A96E00C31F9A /* polypulse.entitlements */,
				82EF3E4C1B20A95300C31F9A /* AppDelegate.swift */,
				82EF3E511B20A95300C31F9A /* ViewController.swift */,
				826B185C1B26697D00167B82 /* MetronomeCell.swift */,
				826B185E1B26764300167B82 /* MetronomeCell.xib */,
				82EF3E731B20D5E800C31F9A /* AudioEngine.h */,
				82EF3E741B20D5E800C31F9A /* AudioEngine.m */,
				822A7F311B225A14002E53BB /* Metaronome.h */,
				822A7F321B225A14002E53BB /* Metaronome.m */,
				82EF3E531B20A95300C31F9A /* Main.storyboard */,
				82EF3E561B20A95300C31F9A /* Images.xcassets */,
				82EF3E581B20A95300C31F9A /* LaunchScreen.xib */,
				82EF3E4E1B20A95300C31F9A /* polypulse.xcdatamodeld */,
				82EF3E4A1B20A95300C31F9A /* Supporting Files */,
				82EF3E721B20D5E800C31F9A /* polypulse-Bridging-Header.h */,
			);
			path = polypulse;
			sourceTree = "<group>";
		};
		82EF3E4A1B20A95300C31F9A /* Supporting Files */ = {
			isa = PBXGroup;
			children = (
				82368FA31B868DF80090E678 /* img */,
				82EF3E4B1B20A95300C31F9A /* Info.plist */,
			);
			name = "Supporting Files";
			sourceTree = "<group>";
		};
		82EF3E621B20A95300C31F9A /* polypulseTests */ = {
			isa = PBXGroup;
			children = (
				82EF3E651B20A95300C31F9A /* polypulseTests.swift */,
				82EF3E631B20A95300C31F9A /* Supporting Files */,
			);
			path = polypulseTests;
			sourceTree = "<group>";
		};
		82EF3E631B20A95300C31F9A /* Supporting Files */ = {
			isa = PBXGroup;
			children = (
				82EF3E641B20A95300C31F9A /* Info.plist */,
			);
			name = "Supporting Files";
			sourceTree = "<group>";
		};
/* End PBXGroup section */

/* Begin PBXNativeTarget section */
		82EF3E461B20A95300C31F9A /* polypulse */ = {
			isa = PBXNativeTarget;
			buildConfigurationList = 82EF3E691B20A95300C31F9A /* Build configuration list for PBXNativeTarget "polypulse" */;
			buildPhases = (
				82EF3E431B20A95300C31F9A /* Sources */,
				82EF3E441B20A95300C31F9A /* Frameworks */,
				82EF3E451B20A95300C31F9A /* Resources */,
			);
			buildRules = (
			);
			dependencies = (
			);
			name = polypulse;
			productName = polypulse;
			productReference = 82EF3E471B20A95300C31F9A /* polypulse.app */;
			productType = "com.apple.product-type.application";
		};
		82EF3E5E1B20A95300C31F9A /* polypulseTests */ = {
			isa = PBXNativeTarget;
			buildConfigurationList = 82EF3E6C1B20A95300C31F9A /* Build configuration list for PBXNativeTarget "polypulseTests" */;
			buildPhases = (
				82EF3E5B1B20A95300C31F9A /* Sources */,
				82EF3E5C1B20A95300C31F9A /* Frameworks */,
				82EF3E5D1B20A95300C31F9A /* Resources */,
			);
			buildRules = (
			);
			dependencies = (
				82EF3E611B20A95300C31F9A /* PBXTargetDependency */,
			);
			name = polypulseTests;
			productName = polypulseTests;
			productReference = 82EF3E5F1B20A95300C31F9A /* polypulseTests.xctest */;
			productType = "com.apple.product-type.bundle.unit-test";
		};
/* End PBXNativeTarget section */

/* Begin PBXProject section */
		82EF3E3F1B20A95300C31F9A /* Project object */ = {
			isa = PBXProject;
			attributes = {
				LastUpgradeCheck = 0630;
				ORGANIZATIONNAME = geb;
				TargetAttributes = {
					82EF3E461B20A95300C31F9A = {
						CreatedOnToolsVersion = 6.3.2;
						DevelopmentTeam = MNST65N42J;
						SystemCapabilities = {
							com.apple.BackgroundModes = {
								enabled = 1;
							};
							com.apple.InterAppAudio = {
								enabled = 1;
							};
						};
					};
					82EF3E5E1B20A95300C31F9A = {
						CreatedOnToolsVersion = 6.3.2;
						TestTargetID = 82EF3E461B20A95300C31F9A;
					};
				};
			};
			buildConfigurationList = 82EF3E421B20A95300C31F9A /* Build configuration list for PBXProject "polypulse" */;
			compatibilityVersion = "Xcode 3.2";
			developmentRegion = English;
			hasScannedForEncodings = 0;
			knownRegions = (
				en,
				Base,
			);
			mainGroup = 82EF3E3E1B20A95300C31F9A;
			productRefGroup = 82EF3E481B20A95300C31F9A /* Products */;
			projectDirPath = "";
			projectRoot = "";
			targets = (
				82EF3E461B20A95300C31F9A /* polypulse */,
				82EF3E5E1B20A95300C31F9A /* polypulseTests */,
			);
		};
/* End PBXProject section */

/* Begin PBXResourcesBuildPhase section */
		82EF3E451B20A95300C31F9A /* Resources */ = {
			isa = PBXResourcesBuildPhase;
			buildActionMask = 2147483647;
			files = (
				826B185F1B26764300167B82 /* MetronomeCell.xib in Resources */,
				82E529651B90EA2500AA5DE4 /* plus.png in Resources */,
				82368FA91B868DF80090E678 /* pulse@3x.png in Resources */,
				82E529671B90EA2500AA5DE4 /* plus@3x.png in Resources */,
				8275D8251B8FEBCE00B5FF98 /* pulse+@2x.png in Resources */,
				820019141B8A5513008C5A20 /* linew@1x.png in Resources */,
				8275D8241B8FEBCE00B5FF98 /* pulse+.png in Resources */,
				82EF3E551B20A95300C31F9A /* Main.storyboard in Resources */,
				820019151B8A5513008C5A20 /* linew@2x.png in Resources */,
				82EF3E5A1B20A95300C31F9A /* LaunchScreen.xib in Resources */,
				82368FA81B868DF80090E678 /* pulse@2x.png in Resources */,
				820019161B8A5513008C5A20 /* linew@3x.png in Resources */,
				82EF3E571B20A95300C31F9A /* Images.xcassets in Resources */,
				8274C9FF1B878A4700BBE26E /* pulse@1x.png in Resources */,
				8200190F1B8A50D3008C5A20 /* line@2x.png in Resources */,
				82E529661B90EA2500AA5DE4 /* plus@2x.png in Resources */,
				8200190E1B8A50D3008C5A20 /* line@1x.png in Resources */,
				820019101B8A50D3008C5A20 /* line@3x.png in Resources */,
				8275D8261B8FEBCE00B5FF98 /* pulse+@3x.png in Resources */,
			);
			runOnlyForDeploymentPostprocessing = 0;
		};
		82EF3E5D1B20A95300C31F9A /* Resources */ = {
			isa = PBXResourcesBuildPhase;
			buildActionMask = 2147483647;
			files = (
			);
			runOnlyForDeploymentPostprocessing = 0;
		};
/* End PBXResourcesBuildPhase section */

/* Begin PBXSourcesBuildPhase section */
		82EF3E431B20A95300C31F9A /* Sources */ = {
			isa = PBXSourcesBuildPhase;
			buildActionMask = 2147483647;
			files = (
				826B185D1B26697D00167B82 /* MetronomeCell.swift in Sources */,
				82EF3E751B20D5E800C31F9A /* AudioEngine.m in Sources */,
				822A7F331B225A14002E53BB /* Metaronome.m in Sources */,
				82EF3E521B20A95300C31F9A /* ViewController.swift in Sources */,
				82EF3E4D1B20A95300C31F9A /* AppDelegate.swift in Sources */,
				82EF3E501B20A95300C31F9A /* polypulse.xcdatamodeld in Sources */,
			);
			runOnlyForDeploymentPostprocessing = 0;
		};
		82EF3E5B1B20A95300C31F9A /* Sources */ = {
			isa = PBXSourcesBuildPhase;
			buildActionMask = 2147483647;
			files = (
				82EF3E661B20A95300C31F9A /* polypulseTests.swift in Sources */,
			);
			runOnlyForDeploymentPostprocessing = 0;
		};
/* End PBXSourcesBuildPhase section */

/* Begin PBXTargetDependency section */
		82EF3E611B20A95300C31F9A /* PBXTargetDependency */ = {
			isa = PBXTargetDependency;
			target = 82EF3E461B20A95300C31F9A /* polypulse */;
			targetProxy = 82EF3E601B20A95300C31F9A /* PBXContainerItemProxy */;
		};
/* End PBXTargetDependency section */

/* Begin PBXVariantGroup section */
		82EF3E531B20A95300C31F9A /* Main.storyboard */ = {
			isa = PBXVariantGroup;
			children = (
				82EF3E541B20A95300C31F9A /* Base */,
			);
			name = Main.storyboard;
			sourceTree = "<group>";
		};
		82EF3E581B20A95300C31F9A /* LaunchScreen.xib */ = {
			isa = PBXVariantGroup;
			children = (
				82EF3E591B20A95300C31F9A /* Base */,
			);
			name = LaunchScreen.xib;
			sourceTree = "<group>";
		};
/* End PBXVariantGroup section */

/* Begin XCBuildConfiguration section */
		82EF3E671B20A95300C31F9A /* Debug */ = {
			isa = XCBuildConfiguration;
			buildSettings = {
				ALWAYS_SEARCH_USER_PATHS = NO;
				CLANG_CXX_LANGUAGE_STANDARD = "gnu++0x";
				CLANG_CXX_LIBRARY = "libc++";
				CLANG_ENABLE_MODULES = YES;
				CLANG_ENABLE_OBJC_ARC = YES;
				CLANG_WARN_BOOL_CONVERSION = YES;
				CLANG_WARN_CONSTANT_CONVERSION = YES;
				CLANG_WARN_DIRECT_OBJC_ISA_USAGE = YES_ERROR;
				CLANG_WARN_EMPTY_BODY = YES;
				CLANG_WARN_ENUM_CONVERSION = YES;
				CLANG_WARN_INT_CONVERSION = YES;
				CLANG_WARN_OBJC_ROOT_CLASS = YES_ERROR;
				CLANG_WARN_UNREACHABLE_CODE = YES;
				CLANG_WARN__DUPLICATE_METHOD_MATCH = YES;
				"CODE_SIGN_IDENTITY[sdk=iphoneos*]" = "iPhone Developer";
				COPY_PHASE_STRIP = NO;
				DEBUG_INFORMATION_FORMAT = "dwarf-with-dsym";
				ENABLE_STRICT_OBJC_MSGSEND = YES;
				GCC_C_LANGUAGE_STANDARD = gnu99;
				GCC_DYNAMIC_NO_PIC = NO;
				GCC_NO_COMMON_BLOCKS = YES;
				GCC_OPTIMIZATION_LEVEL = 0;
				GCC_PREPROCESSOR_DEFINITIONS = (
					"DEBUG=1",
					"$(inherited)",
				);
				GCC_SYMBOLS_PRIVATE_EXTERN = NO;
				GCC_WARN_64_TO_32_BIT_CONVERSION = YES;
				GCC_WARN_ABOUT_RETURN_TYPE = YES_ERROR;
				GCC_WARN_UNDECLARED_SELECTOR = YES;
				GCC_WARN_UNINITIALIZED_AUTOS = YES_AGGRESSIVE;
				GCC_WARN_UNUSED_FUNCTION = YES;
				GCC_WARN_UNUSED_VARIABLE = YES;
				IPHONEOS_DEPLOYMENT_TARGET = 8.3;
				MTL_ENABLE_DEBUG_INFO = YES;
				ONLY_ACTIVE_ARCH = YES;
				SDKROOT = iphoneos;
				SWIFT_OPTIMIZATION_LEVEL = "-Onone";
				TARGETED_DEVICE_FAMILY = "1,2";
			};
			name = Debug;
		};
		82EF3E681B20A95300C31F9A /* Release */ = {
			isa = XCBuildConfiguration;
			buildSettings = {
				ALWAYS_SEARCH_USER_PATHS = NO;
				CLANG_CXX_LANGUAGE_STANDARD = "gnu++0x";
				CLANG_CXX_LIBRARY = "libc++";
				CLANG_ENABLE_MODULES = YES;
				CLANG_ENABLE_OBJC_ARC = YES;
				CLANG_WARN_BOOL_CONVERSION = YES;
				CLANG_WARN_CONSTANT_CONVERSION = YES;
				CLANG_WARN_DIRECT_OBJC_ISA_USAGE = YES_ERROR;
				CLANG_WARN_EMPTY_BODY = YES;
				CLANG_WARN_ENUM_CONVERSION = YES;
				CLANG_WARN_INT_CONVERSION = YES;
				CLANG_WARN_OBJC_ROOT_CLASS = YES_ERROR;
				CLANG_WARN_UNREACHABLE_CODE = YES;
				CLANG_WARN__DUPLICATE_METHOD_MATCH = YES;
				"CODE_SIGN_IDENTITY[sdk=iphoneos*]" = "iPhone Developer";
				COPY_PHASE_STRIP = NO;
				DEBUG_INFORMATION_FORMAT = "dwarf-with-dsym";
				ENABLE_NS_ASSERTIONS = NO;
				ENABLE_STRICT_OBJC_MSGSEND = YES;
				GCC_C_LANGUAGE_STANDARD = gnu99;
				GCC_NO_COMMON_BLOCKS = YES;
				GCC_WARN_64_TO_32_BIT_CONVERSION = YES;
				GCC_WARN_ABOUT_RETURN_TYPE = YES_ERROR;
				GCC_WARN_UNDECLARED_SELECTOR = YES;
				GCC_WARN_UNINITIALIZED_AUTOS = YES_AGGRESSIVE;
				GCC_WARN_UNUSED_FUNCTION = YES;
				GCC_WARN_UNUSED_VARIABLE = YES;
				IPHONEOS_DEPLOYMENT_TARGET = 8.3;
				MTL_ENABLE_DEBUG_INFO = NO;
				SDKROOT = iphoneos;
				TARGETED_DEVICE_FAMILY = "1,2";
				VALIDATE_PRODUCT = YES;
			};
			name = Release;
		};
		82EF3E6A1B20A95300C31F9A /* Debug */ = {
			isa = XCBuildConfiguration;
			buildSettings = {
				ASSETCATALOG_COMPILER_APPICON_NAME = AppIcon;
				CLANG_ENABLE_MODULES = YES;
				CODE_SIGN_ENTITLEMENTS = polypulse/polypulse.entitlements;
				CODE_SIGN_IDENTITY = "iPhone Developer";
				"CODE_SIGN_IDENTITY[sdk=iphoneos*]" = "iPhone Developer";
				INFOPLIST_FILE = polypulse/Info.plist;
				LD_RUNPATH_SEARCH_PATHS = "$(inherited) @executable_path/Frameworks";
				PRODUCT_NAME = "$(TARGET_NAME)";
				PROVISIONING_PROFILE = "872690be-60cd-4459-b089-ddcc50b753f6";
				SWIFT_OBJC_BRIDGING_HEADER = "polypulse/polypulse-Bridging-Header.h";
				SWIFT_OPTIMIZATION_LEVEL = "-Onone";
			};
			name = Debug;
		};
		82EF3E6B1B20A95300C31F9A /* Release */ = {
			isa = XCBuildConfiguration;
			buildSettings = {
				ASSETCATALOG_COMPILER_APPICON_NAME = AppIcon;
				CLANG_ENABLE_MODULES = YES;
				CODE_SIGN_ENTITLEMENTS = polypulse/polypulse.entitlements;
				CODE_SIGN_IDENTITY = "iPhone Developer";
				"CODE_SIGN_IDENTITY[sdk=iphoneos*]" = "iPhone Developer";
				INFOPLIST_FILE = polypulse/Info.plist;
				LD_RUNPATH_SEARCH_PATHS = "$(inherited) @executable_path/Frameworks";
				PRODUCT_NAME = "$(TARGET_NAME)";
				PROVISIONING_PROFILE = "1b1ac332-35cc-49c0-a7ec-10387bf9f729";
				SWIFT_OBJC_BRIDGING_HEADER = "polypulse/polypulse-Bridging-Header.h";
			};
			name = Release;
		};
		82EF3E6D1B20A95300C31F9A /* Debug */ = {
			isa = XCBuildConfiguration;
			buildSettings = {
				BUNDLE_LOADER = "$(TEST_HOST)";
				FRAMEWORK_SEARCH_PATHS = (
					"$(SDKROOT)/Developer/Library/Frameworks",
					"$(inherited)",
				);
				GCC_PREPROCESSOR_DEFINITIONS = (
					"DEBUG=1",
					"$(inherited)",
				);
				INFOPLIST_FILE = polypulseTests/Info.plist;
				LD_RUNPATH_SEARCH_PATHS = "$(inherited) @executable_path/Frameworks @loader_path/Frameworks";
				PRODUCT_NAME = "$(TARGET_NAME)";
				TEST_HOST = "$(BUILT_PRODUCTS_DIR)/polypulse.app/polypulse";
			};
			name = Debug;
		};
		82EF3E6E1B20A95300C31F9A /* Release */ = {
			isa = XCBuildConfiguration;
			buildSettings = {
				BUNDLE_LOADER = "$(TEST_HOST)";
				FRAMEWORK_SEARCH_PATHS = (
					"$(SDKROOT)/Developer/Library/Frameworks",
					"$(inherited)",
				);
				INFOPLIST_FILE = polypulseTests/Info.plist;
				LD_RUNPATH_SEARCH_PATHS = "$(inherited) @executable_path/Frameworks @loader_path/Frameworks";
				PRODUCT_NAME = "$(TARGET_NAME)";
				TEST_HOST = "$(BUILT_PRODUCTS_DIR)/polypulse.app/polypulse";
			};
			name = Release;
		};
/* End XCBuildConfiguration section */

/* Begin XCConfigurationList section */
		82EF3E421B20A95300C31F9A /* Build configuration list for PBXProject "polypulse" */ = {
			isa = XCConfigurationList;
			buildConfigurations = (
				82EF3E671B20A95300C31F9A /* Debug */,
				82EF3E681B20A95300C31F9A /* Release */,
			);
			defaultConfigurationIsVisible = 0;
			defaultConfigurationName = Release;
		};
		82EF3E691B20A95300C31F9A /* Build configuration list for PBXNativeTarget "polypulse" */ = {
			isa = XCConfigurationList;
			buildConfigurations = (
				82EF3E6A1B20A95300C31F9A /* Debug */,
				82EF3E6B1B20A95300C31F9A /* Release */,
			);
			defaultConfigurationIsVisible = 0;
			defaultConfigurationName = Release;
		};
		82EF3E6C1B20A95300C31F9A /* Build configuration list for PBXNativeTarget "polypulseTests" */ = {
			isa = XCConfigurationList;
			buildConfigurations = (
				82EF3E6D1B20A95300C31F9A /* Debug */,
				82EF3E6E1B20A95300C31F9A /* Release */,
			);
			defaultConfigurationIsVisible = 0;
			defaultConfigurationName = Release;
		};
/* End XCConfigurationList section */

/* Begin XCVersionGroup section */
		82EF3E4E1B20A95300C31F9A /* polypulse.xcdatamodeld */ = {
			isa = XCVersionGroup;
			children = (
				82EF3E4F1B20A95300C31F9A /* polypulse.xcdatamodel */,
			);
			currentVersion = 82EF3E4F1B20A95300C31F9A /* polypulse.xcdatamodel */;
			path = polypulse.xcdatamodeld;
			sourceTree = "<group>";
			versionGroupType = wrapper.xcdatamodel;
		};
/* End XCVersionGroup section */
	};
	rootObject = 82EF3E3F1B20A95300C31F9A /* Project object */;
}
